// !$*UTF8*$!
{
	archiveVersion = 1;
	classes = {
	};
	objectVersion = 46;
	objects = {

/* Begin PBXBuildFile section */
		B3F19AFD19148CFE0067572B /* Foundation.framework in Frameworks */ = {isa = PBXBuildFile; fileRef = B3F19AFC19148CFE0067572B /* Foundation.framework */; };
		B3F19AFF19148CFE0067572B /* CoreGraphics.framework in Frameworks */ = {isa = PBXBuildFile; fileRef = B3F19AFE19148CFE0067572B /* CoreGraphics.framework */; };
		B3F19B0119148CFE0067572B /* UIKit.framework in Frameworks */ = {isa = PBXBuildFile; fileRef = B3F19B0019148CFE0067572B /* UIKit.framework */; };
		B3F19B0719148CFE0067572B /* InfoPlist.strings in Resources */ = {isa = PBXBuildFile; fileRef = B3F19B0519148CFE0067572B /* InfoPlist.strings */; };
		B3F19B0919148CFE0067572B /* main.m in Sources */ = {isa = PBXBuildFile; fileRef = B3F19B0819148CFE0067572B /* main.m */; };
		B3F19B0D19148CFE0067572B /* AppDelegate.m in Sources */ = {isa = PBXBuildFile; fileRef = B3F19B0C19148CFE0067572B /* AppDelegate.m */; };
		B3F19B1019148CFE0067572B /* Main.storyboard in Resources */ = {isa = PBXBuildFile; fileRef = B3F19B0E19148CFE0067572B /* Main.storyboard */; };
		B3F19B1319148CFE0067572B /* ViewController.m in Sources */ = {isa = PBXBuildFile; fileRef = B3F19B1219148CFE0067572B /* ViewController.m */; };
		B3F19B1519148CFE0067572B /* Images.xcassets in Resources */ = {isa = PBXBuildFile; fileRef = B3F19B1419148CFE0067572B /* Images.xcassets */; };
		B3F19B1C19148CFE0067572B /* XCTest.framework in Frameworks */ = {isa = PBXBuildFile; fileRef = B3F19B1B19148CFE0067572B /* XCTest.framework */; };
		B3F19B1D19148CFE0067572B /* Foundation.framework in Frameworks */ = {isa = PBXBuildFile; fileRef = B3F19AFC19148CFE0067572B /* Foundation.framework */; };
		B3F19B1E19148CFE0067572B /* UIKit.framework in Frameworks */ = {isa = PBXBuildFile; fileRef = B3F19B0019148CFE0067572B /* UIKit.framework */; };
		B3F19B2619148CFE0067572B /* InfoPlist.strings in Resources */ = {isa = PBXBuildFile; fileRef = B3F19B2419148CFE0067572B /* InfoPlist.strings */; };
		B3F19B2819148CFE0067572B /* NewRepo05Tests.m in Sources */ = {isa = PBXBuildFile; fileRef = B3F19B2719148CFE0067572B /* NewRepo05Tests.m */; };
/* End PBXBuildFile section */

/* Begin PBXContainerItemProxy section */
		B3F19B1F19148CFE0067572B /* PBXContainerItemProxy */ = {
			isa = PBXContainerItemProxy;
			containerPortal = B3F19AF119148CFE0067572B /* Project object */;
			proxyType = 1;
			remoteGlobalIDString = B3F19AF819148CFE0067572B;
			remoteInfo = NewRepo05;
		};
/* End PBXContainerItemProxy section */

/* Begin PBXFileReference section */
		B3F19AF919148CFE0067572B /* NewRepo05.app */ = {isa = PBXFileReference; explicitFileType = wrapper.application; includeInIndex = 0; path = NewRepo05.app; sourceTree = BUILT_PRODUCTS_DIR; };
		B3F19AFC19148CFE0067572B /* Foundation.framework */ = {isa = PBXFileReference; lastKnownFileType = wrapper.framework; name = Foundation.framework; path = System/Library/Frameworks/Foundation.framework; sourceTree = SDKROOT; };
		B3F19AFE19148CFE0067572B /* CoreGraphics.framework */ = {isa = PBXFileReference; lastKnownFileType = wrapper.framework; name = CoreGraphics.framework; path = System/Library/Frameworks/CoreGraphics.framework; sourceTree = SDKROOT; };
		B3F19B0019148CFE0067572B /* UIKit.framework */ = {isa = PBXFileReference; lastKnownFileType = wrapper.framework; name = UIKit.framework; path = System/Library/Frameworks/UIKit.framework; sourceTree = SDKROOT; };
		B3F19B0419148CFE0067572B /* NewRepo05-Info.plist */ = {isa = PBXFileReference; lastKnownFileType = text.plist.xml; path = "NewRepo05-Info.plist"; sourceTree = "<group>"; };
		B3F19B0619148CFE0067572B /* en */ = {isa = PBXFileReference; lastKnownFileType = text.plist.strings; name = en; path = en.lproj/InfoPlist.strings; sourceTree = "<group>"; };
		B3F19B0819148CFE0067572B /* main.m */ = {isa = PBXFileReference; lastKnownFileType = sourcecode.c.objc; path = main.m; sourceTree = "<group>"; };
		B3F19B0A19148CFE0067572B /* NewRepo05-Prefix.pch */ = {isa = PBXFileReference; lastKnownFileType = sourcecode.c.h; path = "NewRepo05-Prefix.pch"; sourceTree = "<group>"; };
		B3F19B0B19148CFE0067572B /* AppDelegate.h */ = {isa = PBXFileReference; lastKnownFileType = sourcecode.c.h; path = AppDelegate.h; sourceTree = "<group>"; };
		B3F19B0C19148CFE0067572B /* AppDelegate.m */ = {isa = PBXFileReference; lastKnownFileType = sourcecode.c.objc; path = AppDelegate.m; sourceTree = "<group>"; };
		B3F19B0F19148CFE0067572B /* Base */ = {isa = PBXFileReference; lastKnownFileType = file.storyboard; name = Base; path = Base.lproj/Main.storyboard; sourceTree = "<group>"; };
		B3F19B1119148CFE0067572B /* ViewController.h */ = {isa = PBXFileReference; lastKnownFileType = sourcecode.c.h; path = ViewController.h; sourceTree = "<group>"; };
		B3F19B1219148CFE0067572B /* ViewController.m */ = {isa = PBXFileReference; lastKnownFileType = sourcecode.c.objc; path = ViewController.m; sourceTree = "<group>"; };
		B3F19B1419148CFE0067572B /* Images.xcassets */ = {isa = PBXFileReference; lastKnownFileType = folder.assetcatalog; path = Images.xcassets; sourceTree = "<group>"; };
		B3F19B1A19148CFE0067572B /* NewRepo05Tests.xctest */ = {isa = PBXFileReference; explicitFileType = wrapper.cfbundle; includeInIndex = 0; path = NewRepo05Tests.xctest; sourceTree = BUILT_PRODUCTS_DIR; };
		B3F19B1B19148CFE0067572B /* XCTest.framework */ = {isa = PBXFileReference; lastKnownFileType = wrapper.framework; name = XCTest.framework; path = Library/Frameworks/XCTest.framework; sourceTree = DEVELOPER_DIR; };
		B3F19B2319148CFE0067572B /* NewRepo05Tests-Info.plist */ = {isa = PBXFileReference; lastKnownFileType = text.plist.xml; path = "NewRepo05Tests-Info.plist"; sourceTree = "<group>"; };
		B3F19B2519148CFE0067572B /* en */ = {isa = PBXFileReference; lastKnownFileType = text.plist.strings; name = en; path = en.lproj/InfoPlist.strings; sourceTree = "<group>"; };
		B3F19B2719148CFE0067572B /* NewRepo05Tests.m */ = {isa = PBXFileReference; lastKnownFileType = sourcecode.c.objc; path = NewRepo05Tests.m; sourceTree = "<group>"; };
/* End PBXFileReference section */

/* Begin PBXFrameworksBuildPhase section */
		B3F19AF619148CFE0067572B /* Frameworks */ = {
			isa = PBXFrameworksBuildPhase;
			buildActionMask = 2147483647;
			files = (
				B3F19AFF19148CFE0067572B /* CoreGraphics.framework in Frameworks */,
				B3F19B0119148CFE0067572B /* UIKit.framework in Frameworks */,
				B3F19AFD19148CFE0067572B /* Foundation.framework in Frameworks */,
			);
			runOnlyForDeploymentPostprocessing = 0;
		};
		B3F19B1719148CFE0067572B /* Frameworks */ = {
			isa = PBXFrameworksBuildPhase;
			buildActionMask = 2147483647;
			files = (
				B3F19B1C19148CFE0067572B /* XCTest.framework in Frameworks */,
				B3F19B1E19148CFE0067572B /* UIKit.framework in Frameworks */,
				B3F19B1D19148CFE0067572B /* Foundation.framework in Frameworks */,
			);
			runOnlyForDeploymentPostprocessing = 0;
		};
/* End PBXFrameworksBuildPhase section */

/* Begin PBXGroup section */
		B3F19AF019148CFE0067572B = {
			isa = PBXGroup;
			children = (
				B3F19B0219148CFE0067572B /* NewRepo05 */,
				B3F19B2119148CFE0067572B /* NewRepo05Tests */,
				B3F19AFB19148CFE0067572B /* Frameworks */,
				B3F19AFA19148CFE0067572B /* Products */,
			);
			sourceTree = "<group>";
		};
		B3F19AFA19148CFE0067572B /* Products */ = {
			isa = PBXGroup;
			children = (
				B3F19AF919148CFE0067572B /* NewRepo05.app */,
				B3F19B1A19148CFE0067572B /* NewRepo05Tests.xctest */,
			);
			name = Products;
			sourceTree = "<group>";
		};
		B3F19AFB19148CFE0067572B /* Frameworks */ = {
			isa = PBXGroup;
			children = (
				B3F19AFC19148CFE0067572B /* Foundation.framework */,
				B3F19AFE19148CFE0067572B /* CoreGraphics.framework */,
				B3F19B0019148CFE0067572B /* UIKit.framework */,
				B3F19B1B19148CFE0067572B /* XCTest.framework */,
			);
			name = Frameworks;
			sourceTree = "<group>";
		};
		B3F19B0219148CFE0067572B /* NewRepo05 */ = {
			isa = PBXGroup;
			children = (
				B3F19B0B19148CFE0067572B /* AppDelegate.h */,
				B3F19B0C19148CFE0067572B /* AppDelegate.m */,
				B3F19B0E19148CFE0067572B /* Main.storyboard */,
				B3F19B1119148CFE0067572B /* ViewController.h */,
				B3F19B1219148CFE0067572B /* ViewController.m */,
				B3F19B1419148CFE0067572B /* Images.xcassets */,
				B3F19B0319148CFE0067572B /* Supporting Files */,
			);
			path = NewRepo05;
			sourceTree = "<group>";
		};
		B3F19B0319148CFE0067572B /* Supporting Files */ = {
			isa = PBXGroup;
			children = (
				B3F19B0419148CFE0067572B /* NewRepo05-Info.plist */,
				B3F19B0519148CFE0067572B /* InfoPlist.strings */,
				B3F19B0819148CFE0067572B /* main.m */,
				B3F19B0A19148CFE0067572B /* NewRepo05-Prefix.pch */,
			);
			name = "Supporting Files";
			sourceTree = "<group>";
		};
		B3F19B2119148CFE0067572B /* NewRepo05Tests */ = {
			isa = PBXGroup;
			children = (
				B3F19B2719148CFE0067572B /* NewRepo05Tests.m */,
				B3F19B2219148CFE0067572B /* Supporting Files */,
			);
			path = NewRepo05Tests;
			sourceTree = "<group>";
		};
		B3F19B2219148CFE0067572B /* Supporting Files */ = {
			isa = PBXGroup;
			children = (
				B3F19B2319148CFE0067572B /* NewRepo05Tests-Info.plist */,
				B3F19B2419148CFE0067572B /* InfoPlist.strings */,
			);
			name = "Supporting Files";
			sourceTree = "<group>";
		};
/* End PBXGroup section */

/* Begin PBXNativeTarget section */
		B3F19AF819148CFE0067572B /* NewRepo05 */ = {
			isa = PBXNativeTarget;
			buildConfigurationList = B3F19B2B19148CFE0067572B /* Build configuration list for PBXNativeTarget "NewRepo05" */;
			buildPhases = (
				B3F19AF519148CFE0067572B /* Sources */,
				B3F19AF619148CFE0067572B /* Frameworks */,
				B3F19AF719148CFE0067572B /* Resources */,
			);
			buildRules = (
			);
			dependencies = (
			);
			name = NewRepo05;
			productName = NewRepo05;
			productReference = B3F19AF919148CFE0067572B /* NewRepo05.app */;
			productType = "com.apple.product-type.application";
		};
		B3F19B1919148CFE0067572B /* NewRepo05Tests */ = {
			isa = PBXNativeTarget;
			buildConfigurationList = B3F19B2E19148CFE0067572B /* Build configuration list for PBXNativeTarget "NewRepo05Tests" */;
			buildPhases = (
				B3F19B1619148CFE0067572B /* Sources */,
				B3F19B1719148CFE0067572B /* Frameworks */,
				B3F19B1819148CFE0067572B /* Resources */,
			);
			buildRules = (
			);
			dependencies = (
				B3F19B2019148CFE0067572B /* PBXTargetDependency */,
			);
			name = NewRepo05Tests;
			productName = NewRepo05Tests;
			productReference = B3F19B1A19148CFE0067572B /* NewRepo05Tests.xctest */;
			productType = "com.apple.product-type.bundle.unit-test";
		};
/* End PBXNativeTarget section */

/* Begin PBXProject section */
		B3F19AF119148CFE0067572B /* Project object */ = {
			isa = PBXProject;
			attributes = {
				LastUpgradeCheck = 0500;
				ORGANIZATIONNAME = "karan chopra";
				TargetAttributes = {
					B3F19B1919148CFE0067572B = {
						TestTargetID = B3F19AF819148CFE0067572B;
					};
				};
			};
			buildConfigurationList = B3F19AF419148CFE0067572B /* Build configuration list for PBXProject "NewRepo05" */;
			compatibilityVersion = "Xcode 3.2";
			developmentRegion = English;
			hasScannedForEncodings = 0;
			knownRegions = (
				en,
				Base,
			);
			mainGroup = B3F19AF019148CFE0067572B;
			productRefGroup = B3F19AFA19148CFE0067572B /* Products */;
			projectDirPath = "";
			projectRoot = "";
			targets = (
				B3F19AF819148CFE0067572B /* NewRepo05 */,
				B3F19B1919148CFE0067572B /* NewRepo05Tests */,
			);
		};
/* End PBXProject section */

/* Begin PBXResourcesBuildPhase section */
		B3F19AF719148CFE0067572B /* Resources */ = {
			isa = PBXResourcesBuildPhase;
			buildActionMask = 2147483647;
			files = (
				B3F19B1519148CFE0067572B /* Images.xcassets in Resources */,
				B3F19B0719148CFE0067572B /* InfoPlist.strings in Resources */,
				B3F19B1019148CFE0067572B /* Main.storyboard in Resources */,
			);
			runOnlyForDeploymentPostprocessing = 0;
		};
		B3F19B1819148CFE0067572B /* Resources */ = {
			isa = PBXResourcesBuildPhase;
			buildActionMask = 2147483647;
			files = (
				B3F19B2619148CFE0067572B /* InfoPlist.strings in Resources */,
			);
			runOnlyForDeploymentPostprocessing = 0;
		};
/* End PBXResourcesBuildPhase section */

/* Begin PBXSourcesBuildPhase section */
		B3F19AF519148CFE0067572B /* Sources */ = {
			isa = PBXSourcesBuildPhase;
			buildActionMask = 2147483647;
			files = (
				B3F19B1319148CFE0067572B /* ViewController.m in Sources */,
				B3F19B0D19148CFE0067572B /* AppDelegate.m in Sources */,
				B3F19B0919148CFE0067572B /* main.m in Sources */,
			);
			runOnlyForDeploymentPostprocessing = 0;
		};
		B3F19B1619148CFE0067572B /* Sources */ = {
			isa = PBXSourcesBuildPhase;
			buildActionMask = 2147483647;
			files = (
				B3F19B2819148CFE0067572B /* NewRepo05Tests.m in Sources */,
			);
			runOnlyForDeploymentPostprocessing = 0;
		};
/* End PBXSourcesBuildPhase section */

/* Begin PBXTargetDependency section */
		B3F19B2019148CFE0067572B /* PBXTargetDependency */ = {
			isa = PBXTargetDependency;
			target = B3F19AF819148CFE0067572B /* NewRepo05 */;
			targetProxy = B3F19B1F19148CFE0067572B /* PBXContainerItemProxy */;
		};
/* End PBXTargetDependency section */

/* Begin PBXVariantGroup section */
		B3F19B0519148CFE0067572B /* InfoPlist.strings */ = {
			isa = PBXVariantGroup;
			children = (
				B3F19B0619148CFE0067572B /* en */,
			);
			name = InfoPlist.strings;
			sourceTree = "<group>";
		};
		B3F19B0E19148CFE0067572B /* Main.storyboard */ = {
			isa = PBXVariantGroup;
			children = (
				B3F19B0F19148CFE0067572B /* Base */,
			);
			name = Main.storyboard;
			sourceTree = "<group>";
		};
		B3F19B2419148CFE0067572B /* InfoPlist.strings */ = {
			isa = PBXVariantGroup;
			children = (
				B3F19B2519148CFE0067572B /* en */,
			);
			name = InfoPlist.strings;
			sourceTree = "<group>";
		};
/* End PBXVariantGroup section */

/* Begin XCBuildConfiguration section */
		B3F19B2919148CFE0067572B /* Debug */ = {
			isa = XCBuildConfiguration;
			buildSettings = {
				ALWAYS_SEARCH_USER_PATHS = NO;
				ARCHS = "$(ARCHS_STANDARD_INCLUDING_64_BIT)";
				CLANG_CXX_LANGUAGE_STANDARD = "gnu++0x";
				CLANG_CXX_LIBRARY = "libc++";
				CLANG_ENABLE_MODULES = YES;
				CLANG_ENABLE_OBJC_ARC = YES;
				CLANG_WARN_BOOL_CONVERSION = YES;
				CLANG_WARN_CONSTANT_CONVERSION = YES;
				CLANG_WARN_DIRECT_OBJC_ISA_USAGE = YES_ERROR;
				CLANG_WARN_EMPTY_BODY = YES;
				CLANG_WARN_ENUM_CONVERSION = YES;
				CLANG_WARN_INT_CONVERSION = YES;
				CLANG_WARN_OBJC_ROOT_CLASS = YES_ERROR;
				CLANG_WARN__DUPLICATE_METHOD_MATCH = YES;
				"CODE_SIGN_IDENTITY[sdk=iphoneos*]" = "iPhone Developer";
				COPY_PHASE_STRIP = NO;
				GCC_C_LANGUAGE_STANDARD = gnu99;
				GCC_DYNAMIC_NO_PIC = NO;
				GCC_OPTIMIZATION_LEVEL = 0;
				GCC_PREPROCESSOR_DEFINITIONS = (
					"DEBUG=1",
					"$(inherited)",
				);
				GCC_SYMBOLS_PRIVATE_EXTERN = NO;
				GCC_WARN_64_TO_32_BIT_CONVERSION = YES;
				GCC_WARN_ABOUT_RETURN_TYPE = YES_ERROR;
				GCC_WARN_UNDECLARED_SELECTOR = YES;
				GCC_WARN_UNINITIALIZED_AUTOS = YES;
				GCC_WARN_UNUSED_FUNCTION = YES;
				GCC_WARN_UNUSED_VARIABLE = YES;
				IPHONEOS_DEPLOYMENT_TARGET = 7.0;
				ONLY_ACTIVE_ARCH = YES;
				SDKROOT = iphoneos;
			};
			name = Debug;
		};
		B3F19B2A19148CFE0067572B /* Release */ = {
			isa = XCBuildConfiguration;
			buildSettings = {
				ALWAYS_SEARCH_USER_PATHS = NO;
				ARCHS = "$(ARCHS_STANDARD_INCLUDING_64_BIT)";
				CLANG_CXX_LANGUAGE_STANDARD = "gnu++0x";
				CLANG_CXX_LIBRARY = "libc++";
				CLANG_ENABLE_MODULES = YES;
				CLANG_ENABLE_OBJC_ARC = YES;
				CLANG_WARN_BOOL_CONVERSION = YES;
				CLANG_WARN_CONSTANT_CONVERSION = YES;
				CLANG_WARN_DIRECT_OBJC_ISA_USAGE = YES_ERROR;
				CLANG_WARN_EMPTY_BODY = YES;
				CLANG_WARN_ENUM_CONVERSION = YES;
				CLANG_WARN_INT_CONVERSION = YES;
				CLANG_WARN_OBJC_ROOT_CLASS = YES_ERROR;
				CLANG_WARN__DUPLICATE_METHOD_MATCH = YES;
				"CODE_SIGN_IDENTITY[sdk=iphoneos*]" = "iPhone Developer";
				COPY_PHASE_STRIP = YES;
				ENABLE_NS_ASSERTIONS = NO;
				GCC_C_LANGUAGE_STANDARD = gnu99;
				GCC_WARN_64_TO_32_BIT_CONVERSION = YES;
				GCC_WARN_ABOUT_RETURN_TYPE = YES_ERROR;
				GCC_WARN_UNDECLARED_SELECTOR = YES;
				GCC_WARN_UNINITIALIZED_AUTOS = YES;
				GCC_WARN_UNUSED_FUNCTION = YES;
				GCC_WARN_UNUSED_VARIABLE = YES;
				IPHONEOS_DEPLOYMENT_TARGET = 7.0;
				SDKROOT = iphoneos;
				VALIDATE_PRODUCT = YES;
			};
			name = Release;
		};
		B3F19B2C19148CFE0067572B /* Debug */ = {
			isa = XCBuildConfiguration;
			buildSettings = {
				ASSETCATALOG_COMPILER_APPICON_NAME = AppIcon;
				ASSETCATALOG_COMPILER_LAUNCHIMAGE_NAME = LaunchImage;
				GCC_PRECOMPILE_PREFIX_HEADER = YES;
				GCC_PREFIX_HEADER = "NewRepo05/NewRepo05-Prefix.pch";
				INFOPLIST_FILE = "NewRepo05/NewRepo05-Info.plist";
				PRODUCT_NAME = "$(TARGET_NAME)";
				WRAPPER_EXTENSION = app;
			};
			name = Debug;
		};
		B3F19B2D19148CFE0067572B /* Release */ = {
			isa = XCBuildConfiguration;
			buildSettings = {
				ASSETCATALOG_COMPILER_APPICON_NAME = AppIcon;
				ASSETCATALOG_COMPILER_LAUNCHIMAGE_NAME = LaunchImage;
				GCC_PRECOMPILE_PREFIX_HEADER = YES;
				GCC_PREFIX_HEADER = "NewRepo05/NewRepo05-Prefix.pch";
				INFOPLIST_FILE = "NewRepo05/NewRepo05-Info.plist";
				PRODUCT_NAME = "$(TARGET_NAME)";
				WRAPPER_EXTENSION = app;
			};
			name = Release;
		};
		B3F19B2F19148CFE0067572B /* Debug */ = {
			isa = XCBuildConfiguration;
			buildSettings = {
				ARCHS = "$(ARCHS_STANDARD_INCLUDING_64_BIT)";
				BUNDLE_LOADER = "$(BUILT_PRODUCTS_DIR)/NewRepo05.app/NewRepo05";
				FRAMEWORK_SEARCH_PATHS = (
					"$(SDKROOT)/Developer/Library/Frameworks",
					"$(inherited)",
					"$(DEVELOPER_FRAMEWORKS_DIR)",
				);
				GCC_PRECOMPILE_PREFIX_HEADER = YES;
				GCC_PREFIX_HEADER = "NewRepo05/NewRepo05-Prefix.pch";
				GCC_PREPROCESSOR_DEFINITIONS = (
					"DEBUG=1",
					"$(inherited)",
				);
				INFOPLIST_FILE = "NewRepo05Tests/NewRepo05Tests-Info.plist";
				PRODUCT_NAME = "$(TARGET_NAME)";
				TEST_HOST = "$(BUNDLE_LOADER)";
				WRAPPER_EXTENSION = xctest;
			};
			name = Debug;
		};
		B3F19B3019148CFE0067572B /* Release */ = {
			isa = XCBuildConfiguration;
			buildSettings = {
				ARCHS = "$(ARCHS_STANDARD_INCLUDING_64_BIT)";
				BUNDLE_LOADER = "$(BUILT_PRODUCTS_DIR)/NewRepo05.app/NewRepo05";
				FRAMEWORK_SEARCH_PATHS = (
					"$(SDKROOT)/Developer/Library/Frameworks",
					"$(inherited)",
					"$(DEVELOPER_FRAMEWORKS_DIR)",
				);
				GCC_PRECOMPILE_PREFIX_HEADER = YES;
				GCC_PREFIX_HEADER = "NewRepo05/NewRepo05-Prefix.pch";
				INFOPLIST_FILE = "NewRepo05Tests/NewRepo05Tests-Info.plist";
				PRODUCT_NAME = "$(TARGET_NAME)";
				TEST_HOST = "$(BUNDLE_LOADER)";
				WRAPPER_EXTENSION = xctest;
			};
			name = Release;
		};
/* End XCBuildConfiguration section */

/* Begin XCConfigurationList section */
		B3F19AF419148CFE0067572B /* Build configuration list for PBXProject "NewRepo05" */ = {
			isa = XCConfigurationList;
			buildConfigurations = (
				B3F19B2919148CFE0067572B /* Debug */,
				B3F19B2A19148CFE0067572B /* Release */,
			);
			defaultConfigurationIsVisible = 0;
			defaultConfigurationName = Release;
		};
		B3F19B2B19148CFE0067572B /* Build configuration list for PBXNativeTarget "NewRepo05" */ = {
			isa = XCConfigurationList;
			buildConfigurations = (
				B3F19B2C19148CFE0067572B /* Debug */,
				B3F19B2D19148CFE0067572B /* Release */,
			);
			defaultConfigurationIsVisible = 0;
		};
		B3F19B2E19148CFE0067572B /* Build configuration list for PBXNativeTarget "NewRepo05Tests" */ = {
			isa = XCConfigurationList;
			buildConfigurations = (
				B3F19B2F19148CFE0067572B /* Debug */,
				B3F19B3019148CFE0067572B /* Release */,
			);
			defaultConfigurationIsVisible = 0;
		};
/* End XCConfigurationList section */
	};
	rootObject = B3F19AF119148CFE0067572B /* Project object */;
}
